
Microsoft Visual Studio Solution File, Format Version 12.00
# Visual Studio 15
VisualStudioVersion = 15.0.27703.2042
MinimumVisualStudioVersion = 10.0.40219.1
Project("{FAE04EC0-301F-11D3-BF4B-00C04F79EFBC}") = "Example13_if_Comparison", "Example13_if_Comparison\Example13_if_Comparison.csproj", "{0A157DEA-66CB-46F1-839E-27022721CC07}"
EndProject
Global
	GlobalSection(SolutionConfigurationPlatforms) = preSolution
		Debug|Any CPU = Debug|Any CPU
		Release|Any CPU = Release|Any CPU
	EndGlobalSection
	GlobalSection(ProjectConfigurationPlatforms) = postSolution
		{0A157DEA-66CB-46F1-839E-27022721CC07}.Debug|Any CPU.ActiveCfg = Debug|Any CPU
		{0A157DEA-66CB-46F1-839E-27022721CC07}.Debug|Any CPU.Build.0 = Debug|Any CPU
		{0A157DEA-66CB-46F1-839E-27022721CC07}.Release|Any CPU.ActiveCfg = Release|Any CPU
		{0A157DEA-66CB-46F1-839E-27022721CC07}.Release|Any CPU.Build.0 = Release|Any CPU
	EndGlobalSection
	GlobalSection(SolutionProperties) = preSolution
		HideSolutionNode = FALSE
	EndGlobalSection
	GlobalSection(ExtensibilityGlobals) = postSolution
		SolutionGuid = {E6A0D149-07D9-4974-A0D9-36200919F39D}
	EndGlobalSection
EndGlobal
