
Microsoft Visual Studio Solution File, Format Version 12.00
# Visual Studio 15
VisualStudioVersion = 15.0.27703.2042
MinimumVisualStudioVersion = 10.0.40219.1
Project("{FAE04EC0-301F-11D3-BF4B-00C04F79EFBC}") = "Example14_if_Analysis", "Example14_if_Analysis\Example14_if_Analysis.csproj", "{D330B5E5-8FD0-4936-A02D-01E1DA2582D1}"
EndProject
Global
	GlobalSection(SolutionConfigurationPlatforms) = preSolution
		Debug|Any CPU = Debug|Any CPU
		Release|Any CPU = Release|Any CPU
	EndGlobalSection
	GlobalSection(ProjectConfigurationPlatforms) = postSolution
		{D330B5E5-8FD0-4936-A02D-01E1DA2582D1}.Debug|Any CPU.ActiveCfg = Debug|Any CPU
		{D330B5E5-8FD0-4936-A02D-01E1DA2582D1}.Debug|Any CPU.Build.0 = Debug|Any CPU
		{D330B5E5-8FD0-4936-A02D-01E1DA2582D1}.Release|Any CPU.ActiveCfg = Release|Any CPU
		{D330B5E5-8FD0-4936-A02D-01E1DA2582D1}.Release|Any CPU.Build.0 = Release|Any CPU
	EndGlobalSection
	GlobalSection(SolutionProperties) = preSolution
		HideSolutionNode = FALSE
	EndGlobalSection
	GlobalSection(ExtensibilityGlobals) = postSolution
		SolutionGuid = {961A0130-8844-49BD-BAC8-92FDB9B892E6}
	EndGlobalSection
EndGlobal
